// !$*UTF8*$!
{
	archiveVersion = 1;
	classes = {
	};
	objectVersion = 52;
	objects = {

/* Begin PBXBuildFile section */
		255BB2B425E59F9B0055862B /* KeychainSwift in Frameworks */ = {isa = PBXBuildFile; productRef = 255BB2B325E59F9B0055862B /* KeychainSwift */; };
		255BB2B625E5A2170055862B /* KeychainUtility.swift in Sources */ = {isa = PBXBuildFile; fileRef = 255BB2B525E5A2170055862B /* KeychainUtility.swift */; };
		255BB2B925E5E7910055862B /* ReSwift in Frameworks */ = {isa = PBXBuildFile; productRef = 255BB2B825E5E7910055862B /* ReSwift */; };
		255BB2BB25E5E8080055862B /* SidebarController.swift in Sources */ = {isa = PBXBuildFile; fileRef = 255BB2BA25E5E8080055862B /* SidebarController.swift */; };
		255BB2BD25E5E8490055862B /* Store.swift in Sources */ = {isa = PBXBuildFile; fileRef = 255BB2BC25E5E8490055862B /* Store.swift */; };
		255BB2BF25E5EC9A0055862B /* CustomTableRowView.swift in Sources */ = {isa = PBXBuildFile; fileRef = 255BB2BE25E5EC990055862B /* CustomTableRowView.swift */; };
		255BB2C225E98A160055862B /* TagRepo.swift in Sources */ = {isa = PBXBuildFile; fileRef = 255BB2C125E98A160055862B /* TagRepo.swift */; };
		2569928825E2B623002ABB7E /* Dependencies in Frameworks */ = {isa = PBXBuildFile; productRef = 2569928725E2B623002ABB7E /* Dependencies */; };
		2569928A25E2BFA3002ABB7E /* ProfileStackView.swift in Sources */ = {isa = PBXBuildFile; fileRef = 2569928925E2BFA3002ABB7E /* ProfileStackView.swift */; };
		256B8A6925E07D9C007F992C /* NSRegularExpression.swift in Sources */ = {isa = PBXBuildFile; fileRef = 256B8A6825E07D9C007F992C /* NSRegularExpression.swift */; };
		256B8BF725E1EAF0007F992C /* ProfileFragmentController.swift in Sources */ = {isa = PBXBuildFile; fileRef = 256B8BF625E1EAF0007F992C /* ProfileFragmentController.swift */; };
		256B8BFC25E20050007F992C /* FlippedClipView.swift in Sources */ = {isa = PBXBuildFile; fileRef = 256B8BFB25E20050007F992C /* FlippedClipView.swift */; };
		25A57DE925DF0B17005E3D2B /* WindowController.swift in Sources */ = {isa = PBXBuildFile; fileRef = 25A57DE825DF0B17005E3D2B /* WindowController.swift */; };
		25A57DEF25DF13AD005E3D2B /* NSBezierPath.swift in Sources */ = {isa = PBXBuildFile; fileRef = 25A57DEE25DF13AD005E3D2B /* NSBezierPath.swift */; };
		25A57DF825E061DF005E3D2B /* AwsUtility.swift in Sources */ = {isa = PBXBuildFile; fileRef = 25A57DF725E061DF005E3D2B /* AwsUtility.swift */; };
		25BFD5C625B8951100BA5D7D /* AppDelegate.swift in Sources */ = {isa = PBXBuildFile; fileRef = 25BFD5C525B8951100BA5D7D /* AppDelegate.swift */; };
		25BFD5CB25B8951100BA5D7D /* CloudVault.xcdatamodeld in Sources */ = {isa = PBXBuildFile; fileRef = 25BFD5C925B8951100BA5D7D /* CloudVault.xcdatamodeld */; };
		25BFD5CD25B8951300BA5D7D /* Assets.xcassets in Resources */ = {isa = PBXBuildFile; fileRef = 25BFD5CC25B8951300BA5D7D /* Assets.xcassets */; };
		25BFD5D025B8951300BA5D7D /* Main.storyboard in Resources */ = {isa = PBXBuildFile; fileRef = 25BFD5CE25B8951300BA5D7D /* Main.storyboard */; };
		25BFD5FD25B8AB1000BA5D7D /* SourceListInterfaces.swift in Sources */ = {isa = PBXBuildFile; fileRef = 25BFD5FC25B8AB1000BA5D7D /* SourceListInterfaces.swift */; };
		25BFD64325BDD56D00BA5D7D /* ProfilesViewController.swift in Sources */ = {isa = PBXBuildFile; fileRef = 25BFD64225BDD56D00BA5D7D /* ProfilesViewController.swift */; };
		25BFD64825BDDC3800BA5D7D /* PopoverViewController.swift in Sources */ = {isa = PBXBuildFile; fileRef = 25BFD64725BDDC3800BA5D7D /* PopoverViewController.swift */; };
		25BFD65125BDE63500BA5D7D /* VerticallyAlignedTextFieldCell.swift in Sources */ = {isa = PBXBuildFile; fileRef = 25BFD65025BDE63500BA5D7D /* VerticallyAlignedTextFieldCell.swift */; };
		25BFD65625BDF27D00BA5D7D /* IndicatorView.swift in Sources */ = {isa = PBXBuildFile; fileRef = 25BFD65525BDF27D00BA5D7D /* IndicatorView.swift */; };
		25CD926A25E4602E00D7876A /* DataManager.swift in Sources */ = {isa = PBXBuildFile; fileRef = 25CD926925E4602E00D7876A /* DataManager.swift */; };
		25CD926D25E4608700D7876A /* RepoProtocol.swift in Sources */ = {isa = PBXBuildFile; fileRef = 25CD926C25E4608700D7876A /* RepoProtocol.swift */; };
		25CD926F25E460F600D7876A /* CoreDataRepo.swift in Sources */ = {isa = PBXBuildFile; fileRef = 25CD926E25E460F600D7876A /* CoreDataRepo.swift */; };
		25CD927125E4616F00D7876A /* ProfileRepo.swift in Sources */ = {isa = PBXBuildFile; fileRef = 25CD927025E4616F00D7876A /* ProfileRepo.swift */; };
		25DE80C625E9BDD8004D5E4E /* TagTableCell.swift in Sources */ = {isa = PBXBuildFile; fileRef = 25DE80C525E9BDD8004D5E4E /* TagTableCell.swift */; };
		25DE80C825E9C635004D5E4E /* TagIndicatorView.swift in Sources */ = {isa = PBXBuildFile; fileRef = 25DE80C725E9C635004D5E4E /* TagIndicatorView.swift */; };
		25DE80CB25EADAE6004D5E4E /* DynamicColor in Frameworks */ = {isa = PBXBuildFile; productRef = 25DE80CA25EADAE6004D5E4E /* DynamicColor */; };
		25DE80CD25EAE852004D5E4E /* ColorPalettes.swift in Sources */ = {isa = PBXBuildFile; fileRef = 25DE80CC25EAE852004D5E4E /* ColorPalettes.swift */; };
		25DE80D125EC05EC004D5E4E /* NewTagController.swift in Sources */ = {isa = PBXBuildFile; fileRef = 25DE80D025EC05EC004D5E4E /* NewTagController.swift */; };
		25DE80D325EC2930004D5E4E /* ColorIndicatorButton.swift in Sources */ = {isa = PBXBuildFile; fileRef = 25DE80D225EC2930004D5E4E /* ColorIndicatorButton.swift */; };
/* End PBXBuildFile section */

/* Begin PBXCopyFilesBuildPhase section */
		2569902325E2AE29002ABB7E /* Embed Frameworks */ = {
			isa = PBXCopyFilesBuildPhase;
			buildActionMask = 2147483647;
			dstPath = "";
			dstSubfolderSpec = 10;
			files = (
			);
			name = "Embed Frameworks";
			runOnlyForDeploymentPostprocessing = 0;
		};
/* End PBXCopyFilesBuildPhase section */

/* Begin PBXFileReference section */
		255BB2B525E5A2170055862B /* KeychainUtility.swift */ = {isa = PBXFileReference; lastKnownFileType = sourcecode.swift; path = KeychainUtility.swift; sourceTree = "<group>"; };
		255BB2BA25E5E8080055862B /* SidebarController.swift */ = {isa = PBXFileReference; lastKnownFileType = sourcecode.swift; path = SidebarController.swift; sourceTree = "<group>"; };
		255BB2BC25E5E8490055862B /* Store.swift */ = {isa = PBXFileReference; lastKnownFileType = sourcecode.swift; path = Store.swift; sourceTree = "<group>"; };
		255BB2BE25E5EC990055862B /* CustomTableRowView.swift */ = {isa = PBXFileReference; lastKnownFileType = sourcecode.swift; path = CustomTableRowView.swift; sourceTree = "<group>"; };
		255BB2C125E98A160055862B /* TagRepo.swift */ = {isa = PBXFileReference; lastKnownFileType = sourcecode.swift; path = TagRepo.swift; sourceTree = "<group>"; };
		2569928425E2B2C1002ABB7E /* Dependencies */ = {isa = PBXFileReference; lastKnownFileType = folder; path = Dependencies; sourceTree = "<group>"; };
		2569928925E2BFA3002ABB7E /* ProfileStackView.swift */ = {isa = PBXFileReference; lastKnownFileType = sourcecode.swift; path = ProfileStackView.swift; sourceTree = "<group>"; };
		256B8A6825E07D9C007F992C /* NSRegularExpression.swift */ = {isa = PBXFileReference; lastKnownFileType = sourcecode.swift; path = NSRegularExpression.swift; sourceTree = "<group>"; };
		256B8BF625E1EAF0007F992C /* ProfileFragmentController.swift */ = {isa = PBXFileReference; lastKnownFileType = sourcecode.swift; path = ProfileFragmentController.swift; sourceTree = "<group>"; };
		256B8BFB25E20050007F992C /* FlippedClipView.swift */ = {isa = PBXFileReference; lastKnownFileType = sourcecode.swift; path = FlippedClipView.swift; sourceTree = "<group>"; };
		25A57DE825DF0B17005E3D2B /* WindowController.swift */ = {isa = PBXFileReference; lastKnownFileType = sourcecode.swift; path = WindowController.swift; sourceTree = "<group>"; };
		25A57DEE25DF13AD005E3D2B /* NSBezierPath.swift */ = {isa = PBXFileReference; lastKnownFileType = sourcecode.swift; path = NSBezierPath.swift; sourceTree = "<group>"; };
		25A57DF725E061DF005E3D2B /* AwsUtility.swift */ = {isa = PBXFileReference; lastKnownFileType = sourcecode.swift; path = AwsUtility.swift; sourceTree = "<group>"; };
		25BFD5C225B8951100BA5D7D /* CloudVault.app */ = {isa = PBXFileReference; explicitFileType = wrapper.application; includeInIndex = 0; path = CloudVault.app; sourceTree = BUILT_PRODUCTS_DIR; };
		25BFD5C525B8951100BA5D7D /* AppDelegate.swift */ = {isa = PBXFileReference; lastKnownFileType = sourcecode.swift; path = AppDelegate.swift; sourceTree = "<group>"; };
		25BFD5CA25B8951100BA5D7D /* CloudVault.xcdatamodel */ = {isa = PBXFileReference; lastKnownFileType = wrapper.xcdatamodel; path = CloudVault.xcdatamodel; sourceTree = "<group>"; };
		25BFD5CC25B8951300BA5D7D /* Assets.xcassets */ = {isa = PBXFileReference; lastKnownFileType = folder.assetcatalog; path = Assets.xcassets; sourceTree = "<group>"; };
		25BFD5CF25B8951300BA5D7D /* Base */ = {isa = PBXFileReference; lastKnownFileType = file.storyboard; name = Base; path = Base.lproj/Main.storyboard; sourceTree = "<group>"; };
		25BFD5D125B8951300BA5D7D /* Info.plist */ = {isa = PBXFileReference; lastKnownFileType = text.plist.xml; path = Info.plist; sourceTree = "<group>"; };
		25BFD5D225B8951300BA5D7D /* CloudVault.entitlements */ = {isa = PBXFileReference; lastKnownFileType = text.plist.entitlements; path = CloudVault.entitlements; sourceTree = "<group>"; };
		25BFD5DB25B8951400BA5D7D /* CloudVaultTests.swift */ = {isa = PBXFileReference; lastKnownFileType = sourcecode.swift; path = CloudVaultTests.swift; sourceTree = "<group>"; };
		25BFD5DD25B8951400BA5D7D /* Info.plist */ = {isa = PBXFileReference; lastKnownFileType = text.plist.xml; path = Info.plist; sourceTree = "<group>"; };
		25BFD5E625B8951400BA5D7D /* CloudVaultUITests.swift */ = {isa = PBXFileReference; lastKnownFileType = sourcecode.swift; path = CloudVaultUITests.swift; sourceTree = "<group>"; };
		25BFD5E825B8951400BA5D7D /* Info.plist */ = {isa = PBXFileReference; lastKnownFileType = text.plist.xml; path = Info.plist; sourceTree = "<group>"; };
		25BFD5FC25B8AB1000BA5D7D /* SourceListInterfaces.swift */ = {isa = PBXFileReference; lastKnownFileType = sourcecode.swift; path = SourceListInterfaces.swift; sourceTree = "<group>"; };
		25BFD64225BDD56D00BA5D7D /* ProfilesViewController.swift */ = {isa = PBXFileReference; lastKnownFileType = sourcecode.swift; path = ProfilesViewController.swift; sourceTree = "<group>"; };
		25BFD64725BDDC3800BA5D7D /* PopoverViewController.swift */ = {isa = PBXFileReference; lastKnownFileType = sourcecode.swift; path = PopoverViewController.swift; sourceTree = "<group>"; };
		25BFD65025BDE63500BA5D7D /* VerticallyAlignedTextFieldCell.swift */ = {isa = PBXFileReference; lastKnownFileType = sourcecode.swift; path = VerticallyAlignedTextFieldCell.swift; sourceTree = "<group>"; };
		25BFD65525BDF27D00BA5D7D /* IndicatorView.swift */ = {isa = PBXFileReference; lastKnownFileType = sourcecode.swift; path = IndicatorView.swift; sourceTree = "<group>"; };
		25CD926925E4602E00D7876A /* DataManager.swift */ = {isa = PBXFileReference; lastKnownFileType = sourcecode.swift; path = DataManager.swift; sourceTree = "<group>"; };
		25CD926C25E4608700D7876A /* RepoProtocol.swift */ = {isa = PBXFileReference; lastKnownFileType = sourcecode.swift; path = RepoProtocol.swift; sourceTree = "<group>"; };
		25CD926E25E460F600D7876A /* CoreDataRepo.swift */ = {isa = PBXFileReference; lastKnownFileType = sourcecode.swift; path = CoreDataRepo.swift; sourceTree = "<group>"; };
		25CD927025E4616F00D7876A /* ProfileRepo.swift */ = {isa = PBXFileReference; lastKnownFileType = sourcecode.swift; path = ProfileRepo.swift; sourceTree = "<group>"; };
		25DE80C525E9BDD8004D5E4E /* TagTableCell.swift */ = {isa = PBXFileReference; lastKnownFileType = sourcecode.swift; path = TagTableCell.swift; sourceTree = "<group>"; };
		25DE80C725E9C635004D5E4E /* TagIndicatorView.swift */ = {isa = PBXFileReference; lastKnownFileType = sourcecode.swift; path = TagIndicatorView.swift; sourceTree = "<group>"; };
		25DE80CC25EAE852004D5E4E /* ColorPalettes.swift */ = {isa = PBXFileReference; lastKnownFileType = sourcecode.swift; path = ColorPalettes.swift; sourceTree = "<group>"; };
		25DE80D025EC05EC004D5E4E /* NewTagController.swift */ = {isa = PBXFileReference; lastKnownFileType = sourcecode.swift; path = NewTagController.swift; sourceTree = "<group>"; };
		25DE80D225EC2930004D5E4E /* ColorIndicatorButton.swift */ = {isa = PBXFileReference; lastKnownFileType = sourcecode.swift; path = ColorIndicatorButton.swift; sourceTree = "<group>"; };
/* End PBXFileReference section */

/* Begin PBXFrameworksBuildPhase section */
		25BFD5BF25B8951100BA5D7D /* Frameworks */ = {
			isa = PBXFrameworksBuildPhase;
			buildActionMask = 2147483647;
			files = (
				25DE80CB25EADAE6004D5E4E /* DynamicColor in Frameworks */,
				255BB2B925E5E7910055862B /* ReSwift in Frameworks */,
				255BB2B425E59F9B0055862B /* KeychainSwift in Frameworks */,
				2569928825E2B623002ABB7E /* Dependencies in Frameworks */,
			);
			runOnlyForDeploymentPostprocessing = 0;
		};
/* End PBXFrameworksBuildPhase section */

/* Begin PBXGroup section */
		2569922025E2AFC2002ABB7E /* Frameworks */ = {
			isa = PBXGroup;
			children = (
			);
			name = Frameworks;
			sourceTree = "<group>";
		};
		25A57DED25DF1391005E3D2B /* CoreExtensions */ = {
			isa = PBXGroup;
			children = (
				25A57DEE25DF13AD005E3D2B /* NSBezierPath.swift */,
				256B8A6825E07D9C007F992C /* NSRegularExpression.swift */,
			);
			path = CoreExtensions;
			sourceTree = "<group>";
		};
		25A57DF625E061B6005E3D2B /* Utilities */ = {
			isa = PBXGroup;
			children = (
				25A57DF725E061DF005E3D2B /* AwsUtility.swift */,
				255BB2B525E5A2170055862B /* KeychainUtility.swift */,
				25DE80CC25EAE852004D5E4E /* ColorPalettes.swift */,
			);
			path = Utilities;
			sourceTree = "<group>";
		};
		25BFD5B925B8951100BA5D7D = {
			isa = PBXGroup;
			children = (
				2569928425E2B2C1002ABB7E /* Dependencies */,
				25BFD5C425B8951100BA5D7D /* CloudVault */,
				25BFD5DA25B8951400BA5D7D /* CloudVaultTests */,
				25BFD5E525B8951400BA5D7D /* CloudVaultUITests */,
				25BFD5C325B8951100BA5D7D /* Products */,
				2569922025E2AFC2002ABB7E /* Frameworks */,
			);
			sourceTree = "<group>";
		};
		25BFD5C325B8951100BA5D7D /* Products */ = {
			isa = PBXGroup;
			children = (
				25BFD5C225B8951100BA5D7D /* CloudVault.app */,
			);
			name = Products;
			sourceTree = "<group>";
		};
		25BFD5C425B8951100BA5D7D /* CloudVault */ = {
			isa = PBXGroup;
			children = (
				25CD926825E4600B00D7876A /* Data */,
				25A57DF625E061B6005E3D2B /* Utilities */,
				25A57DED25DF1391005E3D2B /* CoreExtensions */,
				25BFD64F25BDE61000BA5D7D /* Views */,
				25BFD5FB25B8AAF300BA5D7D /* Interfaces */,
				25BFD5F725B8A8EE00BA5D7D /* Controllers */,
				25BFD5C525B8951100BA5D7D /* AppDelegate.swift */,
				25BFD5CC25B8951300BA5D7D /* Assets.xcassets */,
				255BB2BC25E5E8490055862B /* Store.swift */,
				25BFD5CE25B8951300BA5D7D /* Main.storyboard */,
				25BFD5D125B8951300BA5D7D /* Info.plist */,
				25BFD5D225B8951300BA5D7D /* CloudVault.entitlements */,
				25BFD5C925B8951100BA5D7D /* CloudVault.xcdatamodeld */,
			);
			path = CloudVault;
			sourceTree = "<group>";
		};
		25BFD5DA25B8951400BA5D7D /* CloudVaultTests */ = {
			isa = PBXGroup;
			children = (
				25BFD5DB25B8951400BA5D7D /* CloudVaultTests.swift */,
				25BFD5DD25B8951400BA5D7D /* Info.plist */,
			);
			path = CloudVaultTests;
			sourceTree = "<group>";
		};
		25BFD5E525B8951400BA5D7D /* CloudVaultUITests */ = {
			isa = PBXGroup;
			children = (
				25BFD5E625B8951400BA5D7D /* CloudVaultUITests.swift */,
				25BFD5E825B8951400BA5D7D /* Info.plist */,
			);
			path = CloudVaultUITests;
			sourceTree = "<group>";
		};
		25BFD5F725B8A8EE00BA5D7D /* Controllers */ = {
			isa = PBXGroup;
			children = (
				25BFD64225BDD56D00BA5D7D /* ProfilesViewController.swift */,
				25BFD64725BDDC3800BA5D7D /* PopoverViewController.swift */,
				25A57DE825DF0B17005E3D2B /* WindowController.swift */,
				256B8BF625E1EAF0007F992C /* ProfileFragmentController.swift */,
				255BB2BA25E5E8080055862B /* SidebarController.swift */,
				25DE80D025EC05EC004D5E4E /* NewTagController.swift */,
			);
			path = Controllers;
			sourceTree = "<group>";
		};
		25BFD5FB25B8AAF300BA5D7D /* Interfaces */ = {
			isa = PBXGroup;
			children = (
				25BFD5FC25B8AB1000BA5D7D /* SourceListInterfaces.swift */,
			);
			path = Interfaces;
			sourceTree = "<group>";
		};
		25BFD64F25BDE61000BA5D7D /* Views */ = {
			isa = PBXGroup;
			children = (
				25BFD65025BDE63500BA5D7D /* VerticallyAlignedTextFieldCell.swift */,
				25BFD65525BDF27D00BA5D7D /* IndicatorView.swift */,
				25DE80D225EC2930004D5E4E /* ColorIndicatorButton.swift */,
				256B8BFB25E20050007F992C /* FlippedClipView.swift */,
				2569928925E2BFA3002ABB7E /* ProfileStackView.swift */,
				255BB2BE25E5EC990055862B /* CustomTableRowView.swift */,
				25DE80C525E9BDD8004D5E4E /* TagTableCell.swift */,
				25DE80C725E9C635004D5E4E /* TagIndicatorView.swift */,
			);
			path = Views;
			sourceTree = "<group>";
		};
		25CD926825E4600B00D7876A /* Data */ = {
			isa = PBXGroup;
			children = (
				25CD926B25E4607400D7876A /* Repos */,
				25CD926925E4602E00D7876A /* DataManager.swift */,
				25CD926C25E4608700D7876A /* RepoProtocol.swift */,
				25CD926E25E460F600D7876A /* CoreDataRepo.swift */,
			);
			path = Data;
			sourceTree = "<group>";
		};
		25CD926B25E4607400D7876A /* Repos */ = {
			isa = PBXGroup;
			children = (
				25CD927025E4616F00D7876A /* ProfileRepo.swift */,
				255BB2C125E98A160055862B /* TagRepo.swift */,
			);
			path = Repos;
			sourceTree = "<group>";
		};
/* End PBXGroup section */

/* Begin PBXNativeTarget section */
		25BFD5C125B8951100BA5D7D /* CloudVault */ = {
			isa = PBXNativeTarget;
			buildConfigurationList = 25BFD5EB25B8951400BA5D7D /* Build configuration list for PBXNativeTarget "CloudVault" */;
			buildPhases = (
				255BB2C025E86F0A0055862B /* SwiftLint */,
				25BFD5BE25B8951100BA5D7D /* Sources */,
				25BFD5BF25B8951100BA5D7D /* Frameworks */,
				25BFD5C025B8951100BA5D7D /* Resources */,
				2569902325E2AE29002ABB7E /* Embed Frameworks */,
			);
			buildRules = (
			);
			dependencies = (
			);
			name = CloudVault;
			packageProductDependencies = (
				2569928725E2B623002ABB7E /* Dependencies */,
				255BB2B325E59F9B0055862B /* KeychainSwift */,
				255BB2B825E5E7910055862B /* ReSwift */,
				25DE80CA25EADAE6004D5E4E /* DynamicColor */,
			);
			productName = CloudVault;
			productReference = 25BFD5C225B8951100BA5D7D /* CloudVault.app */;
			productType = "com.apple.product-type.application";
		};
/* End PBXNativeTarget section */

/* Begin PBXProject section */
		25BFD5BA25B8951100BA5D7D /* Project object */ = {
			isa = PBXProject;
			attributes = {
				LastSwiftUpdateCheck = 1230;
				LastUpgradeCheck = 1230;
				TargetAttributes = {
					25BFD5C125B8951100BA5D7D = {
						CreatedOnToolsVersion = 12.3;
					};
				};
			};
			buildConfigurationList = 25BFD5BD25B8951100BA5D7D /* Build configuration list for PBXProject "CloudVault" */;
			compatibilityVersion = "Xcode 9.3";
			developmentRegion = en;
			hasScannedForEncodings = 0;
			knownRegions = (
				en,
				Base,
			);
			mainGroup = 25BFD5B925B8951100BA5D7D;
			packageReferences = (
				25A57DFC25E06652005E3D2B /* XCRemoteSwiftPackageReference "swift-nio" */,
				25A57E0F25E06883005E3D2B /* XCRemoteSwiftPackageReference "soto" */,
				25A57E1525E068BA005E3D2B /* XCRemoteSwiftPackageReference "soto-core" */,
				255BB2B225E59F9B0055862B /* XCRemoteSwiftPackageReference "keychain-swift" */,
				255BB2B725E5E7910055862B /* XCRemoteSwiftPackageReference "ReSwift" */,
				25DE80C925EADAE6004D5E4E /* XCRemoteSwiftPackageReference "DynamicColor" */,
			);
			productRefGroup = 25BFD5C325B8951100BA5D7D /* Products */;
			projectDirPath = "";
			projectRoot = "";
			targets = (
				25BFD5C125B8951100BA5D7D /* CloudVault */,
			);
		};
/* End PBXProject section */

/* Begin PBXResourcesBuildPhase section */
		25BFD5C025B8951100BA5D7D /* Resources */ = {
			isa = PBXResourcesBuildPhase;
			buildActionMask = 2147483647;
			files = (
				25BFD5CD25B8951300BA5D7D /* Assets.xcassets in Resources */,
				25BFD5D025B8951300BA5D7D /* Main.storyboard in Resources */,
			);
			runOnlyForDeploymentPostprocessing = 0;
		};
/* End PBXResourcesBuildPhase section */

/* Begin PBXShellScriptBuildPhase section */
		255BB2C025E86F0A0055862B /* SwiftLint */ = {
			isa = PBXShellScriptBuildPhase;
			buildActionMask = 2147483647;
			files = (
			);
			inputFileListPaths = (
			);
			inputPaths = (
			);
			name = SwiftLint;
			outputFileListPaths = (
			);
			outputPaths = (
			);
			runOnlyForDeploymentPostprocessing = 0;
			shellPath = /bin/sh;
			shellScript = "# Type a script or drag a script file from your workspace to insert its path.\nif [ -f ~/com.raywenderlich.swiftlint.yml ]; then\n  if which swiftlint >/dev/null; then\n    swiftlint --path CloudVault --no-cache --config ~/com.raywenderlich.swiftlint.yml\n  fi\nfi\n";
		};
/* End PBXShellScriptBuildPhase section */

/* Begin PBXSourcesBuildPhase section */
		25BFD5BE25B8951100BA5D7D /* Sources */ = {
			isa = PBXSourcesBuildPhase;
			buildActionMask = 2147483647;
			files = (
				25CD926A25E4602E00D7876A /* DataManager.swift in Sources */,
				25DE80D325EC2930004D5E4E /* ColorIndicatorButton.swift in Sources */,
				25A57DF825E061DF005E3D2B /* AwsUtility.swift in Sources */,
				25BFD5CB25B8951100BA5D7D /* CloudVault.xcdatamodeld in Sources */,
				25A57DEF25DF13AD005E3D2B /* NSBezierPath.swift in Sources */,
				25BFD64325BDD56D00BA5D7D /* ProfilesViewController.swift in Sources */,
				25BFD5FD25B8AB1000BA5D7D /* SourceListInterfaces.swift in Sources */,
				25A57DE925DF0B17005E3D2B /* WindowController.swift in Sources */,
				25BFD64825BDDC3800BA5D7D /* PopoverViewController.swift in Sources */,
				255BB2BF25E5EC9A0055862B /* CustomTableRowView.swift in Sources */,
				25DE80C625E9BDD8004D5E4E /* TagTableCell.swift in Sources */,
				256B8BFC25E20050007F992C /* FlippedClipView.swift in Sources */,
				25BFD65125BDE63500BA5D7D /* VerticallyAlignedTextFieldCell.swift in Sources */,
				25CD927125E4616F00D7876A /* ProfileRepo.swift in Sources */,
				255BB2B625E5A2170055862B /* KeychainUtility.swift in Sources */,
				255BB2BB25E5E8080055862B /* SidebarController.swift in Sources */,
				25BFD65625BDF27D00BA5D7D /* IndicatorView.swift in Sources */,
				25BFD5C625B8951100BA5D7D /* AppDelegate.swift in Sources */,
				25DE80CD25EAE852004D5E4E /* ColorPalettes.swift in Sources */,
				25DE80C825E9C635004D5E4E /* TagIndicatorView.swift in Sources */,
				25DE80D125EC05EC004D5E4E /* NewTagController.swift in Sources */,
				25CD926D25E4608700D7876A /* RepoProtocol.swift in Sources */,
				255BB2BD25E5E8490055862B /* Store.swift in Sources */,
				25CD926F25E460F600D7876A /* CoreDataRepo.swift in Sources */,
				256B8BF725E1EAF0007F992C /* ProfileFragmentController.swift in Sources */,
				255BB2C225E98A160055862B /* TagRepo.swift in Sources */,
				2569928A25E2BFA3002ABB7E /* ProfileStackView.swift in Sources */,
				256B8A6925E07D9C007F992C /* NSRegularExpression.swift in Sources */,
			);
			runOnlyForDeploymentPostprocessing = 0;
		};
/* End PBXSourcesBuildPhase section */

/* Begin PBXVariantGroup section */
		25BFD5CE25B8951300BA5D7D /* Main.storyboard */ = {
			isa = PBXVariantGroup;
			children = (
				25BFD5CF25B8951300BA5D7D /* Base */,
			);
			name = Main.storyboard;
			sourceTree = "<group>";
		};
/* End PBXVariantGroup section */

/* Begin XCBuildConfiguration section */
		25BFD5E925B8951400BA5D7D /* Debug */ = {
			isa = XCBuildConfiguration;
			buildSettings = {
				ALWAYS_SEARCH_USER_PATHS = NO;
				CLANG_ANALYZER_NONNULL = YES;
				CLANG_ANALYZER_NUMBER_OBJECT_CONVERSION = YES_AGGRESSIVE;
				CLANG_CXX_LANGUAGE_STANDARD = "gnu++14";
				CLANG_CXX_LIBRARY = "libc++";
				CLANG_ENABLE_MODULES = YES;
				CLANG_ENABLE_OBJC_ARC = YES;
				CLANG_ENABLE_OBJC_WEAK = YES;
				CLANG_WARN_BLOCK_CAPTURE_AUTORELEASING = YES;
				CLANG_WARN_BOOL_CONVERSION = YES;
				CLANG_WARN_COMMA = YES;
				CLANG_WARN_CONSTANT_CONVERSION = YES;
				CLANG_WARN_DEPRECATED_OBJC_IMPLEMENTATIONS = YES;
				CLANG_WARN_DIRECT_OBJC_ISA_USAGE = YES_ERROR;
				CLANG_WARN_DOCUMENTATION_COMMENTS = YES;
				CLANG_WARN_EMPTY_BODY = YES;
				CLANG_WARN_ENUM_CONVERSION = YES;
				CLANG_WARN_INFINITE_RECURSION = YES;
				CLANG_WARN_INT_CONVERSION = YES;
				CLANG_WARN_NON_LITERAL_NULL_CONVERSION = YES;
				CLANG_WARN_OBJC_IMPLICIT_RETAIN_SELF = YES;
				CLANG_WARN_OBJC_LITERAL_CONVERSION = YES;
				CLANG_WARN_OBJC_ROOT_CLASS = YES_ERROR;
				CLANG_WARN_QUOTED_INCLUDE_IN_FRAMEWORK_HEADER = YES;
				CLANG_WARN_RANGE_LOOP_ANALYSIS = YES;
				CLANG_WARN_STRICT_PROTOTYPES = YES;
				CLANG_WARN_SUSPICIOUS_MOVE = YES;
				CLANG_WARN_UNGUARDED_AVAILABILITY = YES_AGGRESSIVE;
				CLANG_WARN_UNREACHABLE_CODE = YES;
				CLANG_WARN__DUPLICATE_METHOD_MATCH = YES;
				COPY_PHASE_STRIP = NO;
				DEBUG_INFORMATION_FORMAT = dwarf;
				ENABLE_STRICT_OBJC_MSGSEND = YES;
				ENABLE_TESTABILITY = YES;
				GCC_C_LANGUAGE_STANDARD = gnu11;
				GCC_DYNAMIC_NO_PIC = NO;
				GCC_NO_COMMON_BLOCKS = YES;
				GCC_OPTIMIZATION_LEVEL = 0;
				GCC_PREPROCESSOR_DEFINITIONS = (
					"DEBUG=1",
					"$(inherited)",
				);
				GCC_WARN_64_TO_32_BIT_CONVERSION = YES;
				GCC_WARN_ABOUT_RETURN_TYPE = YES_ERROR;
				GCC_WARN_UNDECLARED_SELECTOR = YES;
				GCC_WARN_UNINITIALIZED_AUTOS = YES_AGGRESSIVE;
				GCC_WARN_UNUSED_FUNCTION = YES;
				GCC_WARN_UNUSED_VARIABLE = YES;
				MACOSX_DEPLOYMENT_TARGET = 11.1;
				MTL_ENABLE_DEBUG_INFO = INCLUDE_SOURCE;
				MTL_FAST_MATH = YES;
				ONLY_ACTIVE_ARCH = YES;
				SDKROOT = macosx;
				SWIFT_ACTIVE_COMPILATION_CONDITIONS = DEBUG;
				SWIFT_OPTIMIZATION_LEVEL = "-Onone";
			};
			name = Debug;
		};
		25BFD5EA25B8951400BA5D7D /* Release */ = {
			isa = XCBuildConfiguration;
			buildSettings = {
				ALWAYS_SEARCH_USER_PATHS = NO;
				CLANG_ANALYZER_NONNULL = YES;
				CLANG_ANALYZER_NUMBER_OBJECT_CONVERSION = YES_AGGRESSIVE;
				CLANG_CXX_LANGUAGE_STANDARD = "gnu++14";
				CLANG_CXX_LIBRARY = "libc++";
				CLANG_ENABLE_MODULES = YES;
				CLANG_ENABLE_OBJC_ARC = YES;
				CLANG_ENABLE_OBJC_WEAK = YES;
				CLANG_WARN_BLOCK_CAPTURE_AUTORELEASING = YES;
				CLANG_WARN_BOOL_CONVERSION = YES;
				CLANG_WARN_COMMA = YES;
				CLANG_WARN_CONSTANT_CONVERSION = YES;
				CLANG_WARN_DEPRECATED_OBJC_IMPLEMENTATIONS = YES;
				CLANG_WARN_DIRECT_OBJC_ISA_USAGE = YES_ERROR;
				CLANG_WARN_DOCUMENTATION_COMMENTS = YES;
				CLANG_WARN_EMPTY_BODY = YES;
				CLANG_WARN_ENUM_CONVERSION = YES;
				CLANG_WARN_INFINITE_RECURSION = YES;
				CLANG_WARN_INT_CONVERSION = YES;
				CLANG_WARN_NON_LITERAL_NULL_CONVERSION = YES;
				CLANG_WARN_OBJC_IMPLICIT_RETAIN_SELF = YES;
				CLANG_WARN_OBJC_LITERAL_CONVERSION = YES;
				CLANG_WARN_OBJC_ROOT_CLASS = YES_ERROR;
				CLANG_WARN_QUOTED_INCLUDE_IN_FRAMEWORK_HEADER = YES;
				CLANG_WARN_RANGE_LOOP_ANALYSIS = YES;
				CLANG_WARN_STRICT_PROTOTYPES = YES;
				CLANG_WARN_SUSPICIOUS_MOVE = YES;
				CLANG_WARN_UNGUARDED_AVAILABILITY = YES_AGGRESSIVE;
				CLANG_WARN_UNREACHABLE_CODE = YES;
				CLANG_WARN__DUPLICATE_METHOD_MATCH = YES;
				COPY_PHASE_STRIP = NO;
				DEBUG_INFORMATION_FORMAT = "dwarf-with-dsym";
				ENABLE_NS_ASSERTIONS = NO;
				ENABLE_STRICT_OBJC_MSGSEND = YES;
				GCC_C_LANGUAGE_STANDARD = gnu11;
				GCC_NO_COMMON_BLOCKS = YES;
				GCC_WARN_64_TO_32_BIT_CONVERSION = YES;
				GCC_WARN_ABOUT_RETURN_TYPE = YES_ERROR;
				GCC_WARN_UNDECLARED_SELECTOR = YES;
				GCC_WARN_UNINITIALIZED_AUTOS = YES_AGGRESSIVE;
				GCC_WARN_UNUSED_FUNCTION = YES;
				GCC_WARN_UNUSED_VARIABLE = YES;
				MACOSX_DEPLOYMENT_TARGET = 11.1;
				MTL_ENABLE_DEBUG_INFO = NO;
				MTL_FAST_MATH = YES;
				SDKROOT = macosx;
				SWIFT_COMPILATION_MODE = wholemodule;
				SWIFT_OPTIMIZATION_LEVEL = "-O";
			};
			name = Release;
		};
		25BFD5EC25B8951400BA5D7D /* Debug */ = {
			isa = XCBuildConfiguration;
			buildSettings = {
				ASSETCATALOG_COMPILER_APPICON_NAME = AppIcon;
				ASSETCATALOG_COMPILER_GLOBAL_ACCENT_COLOR_NAME = AccentColor;
				CODE_SIGN_ENTITLEMENTS = CloudVault/CloudVault.entitlements;
				CODE_SIGN_IDENTITY = "-";
				CODE_SIGN_STYLE = Automatic;
				COMBINE_HIDPI_IMAGES = YES;
				DEVELOPMENT_ASSET_PATHS = "";
				DEVELOPMENT_TEAM = 39F3QWY9Y4;
				ENABLE_HARDENED_RUNTIME = YES;
				ENABLE_TESTING_SEARCH_PATHS = YES;
				INFOPLIST_FILE = CloudVault/Info.plist;
				LD_RUNPATH_SEARCH_PATHS = (
					"$(inherited)",
					"@executable_path/../Frameworks",
				);
				PRODUCT_BUNDLE_IDENTIFIER = com.jaystack.CloudVault;
				PRODUCT_NAME = "$(TARGET_NAME)";
				SWIFT_VERSION = 5.0;
			};
			name = Debug;
		};
		25BFD5ED25B8951400BA5D7D /* Release */ = {
			isa = XCBuildConfiguration;
			buildSettings = {
				ASSETCATALOG_COMPILER_APPICON_NAME = AppIcon;
				ASSETCATALOG_COMPILER_GLOBAL_ACCENT_COLOR_NAME = AccentColor;
				CODE_SIGN_ENTITLEMENTS = CloudVault/CloudVault.entitlements;
				CODE_SIGN_IDENTITY = "-";
				CODE_SIGN_STYLE = Automatic;
				COMBINE_HIDPI_IMAGES = YES;
				DEVELOPMENT_ASSET_PATHS = "";
				DEVELOPMENT_TEAM = 39F3QWY9Y4;
				ENABLE_HARDENED_RUNTIME = YES;
				ENABLE_TESTING_SEARCH_PATHS = YES;
				INFOPLIST_FILE = CloudVault/Info.plist;
				LD_RUNPATH_SEARCH_PATHS = (
					"$(inherited)",
					"@executable_path/../Frameworks",
				);
				PRODUCT_BUNDLE_IDENTIFIER = com.jaystack.CloudVault;
				PRODUCT_NAME = "$(TARGET_NAME)";
				SWIFT_VERSION = 5.0;
			};
			name = Release;
		};
/* End XCBuildConfiguration section */

/* Begin XCConfigurationList section */
		25BFD5BD25B8951100BA5D7D /* Build configuration list for PBXProject "CloudVault" */ = {
			isa = XCConfigurationList;
			buildConfigurations = (
				25BFD5E925B8951400BA5D7D /* Debug */,
				25BFD5EA25B8951400BA5D7D /* Release */,
			);
			defaultConfigurationIsVisible = 0;
			defaultConfigurationName = Release;
		};
		25BFD5EB25B8951400BA5D7D /* Build configuration list for PBXNativeTarget "CloudVault" */ = {
			isa = XCConfigurationList;
			buildConfigurations = (
				25BFD5EC25B8951400BA5D7D /* Debug */,
				25BFD5ED25B8951400BA5D7D /* Release */,
			);
			defaultConfigurationIsVisible = 0;
			defaultConfigurationName = Release;
		};
/* End XCConfigurationList section */

/* Begin XCRemoteSwiftPackageReference section */
		255BB2B225E59F9B0055862B /* XCRemoteSwiftPackageReference "keychain-swift" */ = {
			isa = XCRemoteSwiftPackageReference;
			repositoryURL = "https://github.com/evgenyneu/keychain-swift.git";
			requirement = {
				kind = upToNextMajorVersion;
				minimumVersion = 19.0.0;
			};
		};
		255BB2B725E5E7910055862B /* XCRemoteSwiftPackageReference "ReSwift" */ = {
			isa = XCRemoteSwiftPackageReference;
			repositoryURL = "https://github.com/ReSwift/ReSwift";
			requirement = {
				kind = upToNextMajorVersion;
				minimumVersion = 6.0.0;
			};
		};
		25A57DFC25E06652005E3D2B /* XCRemoteSwiftPackageReference "swift-nio" */ = {
			isa = XCRemoteSwiftPackageReference;
			repositoryURL = "https://github.com/apple/swift-nio";
			requirement = {
				kind = upToNextMajorVersion;
				minimumVersion = 2.26.0;
			};
		};
		25A57E0F25E06883005E3D2B /* XCRemoteSwiftPackageReference "soto" */ = {
			isa = XCRemoteSwiftPackageReference;
			repositoryURL = "https://github.com/soto-project/soto.git";
			requirement = {
				kind = upToNextMajorVersion;
				minimumVersion = 5.0.0;
			};
		};
		25A57E1525E068BA005E3D2B /* XCRemoteSwiftPackageReference "soto-core" */ = {
			isa = XCRemoteSwiftPackageReference;
			repositoryURL = "https://github.com/soto-project/soto-core";
			requirement = {
				kind = upToNextMajorVersion;
				minimumVersion = 5.1.2;
			};
		};
		25DE80C925EADAE6004D5E4E /* XCRemoteSwiftPackageReference "DynamicColor" */ = {
			isa = XCRemoteSwiftPackageReference;
			repositoryURL = "https://github.com/yannickl/DynamicColor";
			requirement = {
				kind = upToNextMajorVersion;
				minimumVersion = 5.0.1;
			};
		};
/* End XCRemoteSwiftPackageReference section */

/* Begin XCSwiftPackageProductDependency section */
		255BB2B325E59F9B0055862B /* KeychainSwift */ = {
			isa = XCSwiftPackageProductDependency;
			package = 255BB2B225E59F9B0055862B /* XCRemoteSwiftPackageReference "keychain-swift" */;
			productName = KeychainSwift;
		};
		255BB2B825E5E7910055862B /* ReSwift */ = {
			isa = XCSwiftPackageProductDependency;
			package = 255BB2B725E5E7910055862B /* XCRemoteSwiftPackageReference "ReSwift" */;
			productName = ReSwift;
		};
		2569928725E2B623002ABB7E /* Dependencies */ = {
			isa = XCSwiftPackageProductDependency;
			productName = Dependencies;
		};
		25DE80CA25EADAE6004D5E4E /* DynamicColor */ = {
			isa = XCSwiftPackageProductDependency;
			package = 25DE80C925EADAE6004D5E4E /* XCRemoteSwiftPackageReference "DynamicColor" */;
			productName = DynamicColor;
		};
/* End XCSwiftPackageProductDependency section */

/* Begin XCVersionGroup section */
		25BFD5C925B8951100BA5D7D /* CloudVault.xcdatamodeld */ = {
			isa = XCVersionGroup;
			children = (
				25BFD5CA25B8951100BA5D7D /* CloudVault.xcdatamodel */,
			);
			currentVersion = 25BFD5CA25B8951100BA5D7D /* CloudVault.xcdatamodel */;
			path = CloudVault.xcdatamodeld;
			sourceTree = "<group>";
			versionGroupType = wrapper.xcdatamodel;
		};
/* End XCVersionGroup section */
	};
	rootObject = 25BFD5BA25B8951100BA5D7D /* Project object */;
}
